
Microsoft Visual Studio Solution File, Format Version 12.00
# Visual Studio 15
VisualStudioVersion = 15.0.26124.0
MinimumVisualStudioVersion = 15.0.26124.0
Project("{2150E333-8FDC-42A3-9474-1A3956D46DE8}") = "src", "src", "{64D11329-E2A7-4C2F-A222-F2FEBD107AB2}"
EndProject
Project("{FAE04EC0-301F-11D3-BF4B-00C04F79EFBC}") = "ExchangeMoney", "src\ExchangeMoney\ExchangeMoney.csproj", "{C25D8887-0CCE-46B3-9ED8-D0524415BE39}"
EndProject
Project("{2150E333-8FDC-42A3-9474-1A3956D46DE8}") = "test", "test", "{636E11B4-28D0-4EFC-8A4B-19A42E864915}"
EndProject
Project("{2150E333-8FDC-42A3-9474-1A3956D46DE8}") = "UnitTest", "UnitTest", "{5A805681-11FE-471D-8FD3-99AF2A831A14}"
EndProject
Project("{FAE04EC0-301F-11D3-BF4B-00C04F79EFBC}") = "ExchangeMoney.Test", "test\UnitTest\ExchangeMoney.Test\ExchangeMoney.Test.csproj", "{1FE2BD2B-4D71-45CB-9676-44B066EAD716}"
EndProject
Global
	GlobalSection(SolutionConfigurationPlatforms) = preSolution
		Debug|Any CPU = Debug|Any CPU
		Debug|x64 = Debug|x64
		Debug|x86 = Debug|x86
		Release|Any CPU = Release|Any CPU
		Release|x64 = Release|x64
		Release|x86 = Release|x86
	EndGlobalSection
	GlobalSection(SolutionProperties) = preSolution
		HideSolutionNode = FALSE
	EndGlobalSection
	GlobalSection(ProjectConfigurationPlatforms) = postSolution
		{C25D8887-0CCE-46B3-9ED8-D0524415BE39}.Debug|Any CPU.ActiveCfg = Debug|Any CPU
		{C25D8887-0CCE-46B3-9ED8-D0524415BE39}.Debug|Any CPU.Build.0 = Debug|Any CPU
		{C25D8887-0CCE-46B3-9ED8-D0524415BE39}.Debug|x64.ActiveCfg = Debug|x64
		{C25D8887-0CCE-46B3-9ED8-D0524415BE39}.Debug|x64.Build.0 = Debug|x64
		{C25D8887-0CCE-46B3-9ED8-D0524415BE39}.Debug|x86.ActiveCfg = Debug|x86
		{C25D8887-0CCE-46B3-9ED8-D0524415BE39}.Debug|x86.Build.0 = Debug|x86
		{C25D8887-0CCE-46B3-9ED8-D0524415BE39}.Release|Any CPU.ActiveCfg = Release|Any CPU
		{C25D8887-0CCE-46B3-9ED8-D0524415BE39}.Release|Any CPU.Build.0 = Release|Any CPU
		{C25D8887-0CCE-46B3-9ED8-D0524415BE39}.Release|x64.ActiveCfg = Release|x64
		{C25D8887-0CCE-46B3-9ED8-D0524415BE39}.Release|x64.Build.0 = Release|x64
		{C25D8887-0CCE-46B3-9ED8-D0524415BE39}.Release|x86.ActiveCfg = Release|x86
		{C25D8887-0CCE-46B3-9ED8-D0524415BE39}.Release|x86.Build.0 = Release|x86
		{1FE2BD2B-4D71-45CB-9676-44B066EAD716}.Debug|Any CPU.ActiveCfg = Debug|Any CPU
		{1FE2BD2B-4D71-45CB-9676-44B066EAD716}.Debug|Any CPU.Build.0 = Debug|Any CPU
		{1FE2BD2B-4D71-45CB-9676-44B066EAD716}.Debug|x64.ActiveCfg = Debug|x64
		{1FE2BD2B-4D71-45CB-9676-44B066EAD716}.Debug|x64.Build.0 = Debug|x64
		{1FE2BD2B-4D71-45CB-9676-44B066EAD716}.Debug|x86.ActiveCfg = Debug|x86
		{1FE2BD2B-4D71-45CB-9676-44B066EAD716}.Debug|x86.Build.0 = Debug|x86
		{1FE2BD2B-4D71-45CB-9676-44B066EAD716}.Release|Any CPU.ActiveCfg = Release|Any CPU
		{1FE2BD2B-4D71-45CB-9676-44B066EAD716}.Release|Any CPU.Build.0 = Release|Any CPU
		{1FE2BD2B-4D71-45CB-9676-44B066EAD716}.Release|x64.ActiveCfg = Release|x64
		{1FE2BD2B-4D71-45CB-9676-44B066EAD716}.Release|x64.Build.0 = Release|x64
		{1FE2BD2B-4D71-45CB-9676-44B066EAD716}.Release|x86.ActiveCfg = Release|x86
		{1FE2BD2B-4D71-45CB-9676-44B066EAD716}.Release|x86.Build.0 = Release|x86
	EndGlobalSection
	GlobalSection(NestedProjects) = preSolution
		{C25D8887-0CCE-46B3-9ED8-D0524415BE39} = {64D11329-E2A7-4C2F-A222-F2FEBD107AB2}
		{5A805681-11FE-471D-8FD3-99AF2A831A14} = {636E11B4-28D0-4EFC-8A4B-19A42E864915}
		{1FE2BD2B-4D71-45CB-9676-44B066EAD716} = {5A805681-11FE-471D-8FD3-99AF2A831A14}
	EndGlobalSection
EndGlobal
